
Microsoft Visual Studio Solution File, Format Version 12.00
# Visual Studio Version 17
VisualStudioVersion = 17.7.34221.43
MinimumVisualStudioVersion = 10.0.40219.1
Project("{FAE04EC0-301F-11D3-BF4B-00C04F79EFBC}") = "Fitters", "Fitters.csproj", "{9B2693E7-25FF-4630-B4E4-15499BCD1DBD}"
EndProject
Global
	GlobalSection(SolutionConfigurationPlatforms) = preSolution
		Debug|Any CPU = Debug|Any CPU
		Release|Any CPU = Release|Any CPU
	EndGlobalSection
	GlobalSection(ProjectConfigurationPlatforms) = postSolution
		{9B2693E7-25FF-4630-B4E4-15499BCD1DBD}.Debug|Any CPU.ActiveCfg = Debug|Any CPU
		{9B2693E7-25FF-4630-B4E4-15499BCD1DBD}.Debug|Any CPU.Build.0 = Debug|Any CPU
		{9B2693E7-25FF-4630-B4E4-15499BCD1DBD}.Release|Any CPU.ActiveCfg = Release|Any CPU
		{9B2693E7-25FF-4630-B4E4-15499BCD1DBD}.Release|Any CPU.Build.0 = Release|Any CPU
	EndGlobalSection
	GlobalSection(SolutionProperties) = preSolution
		HideSolutionNode = FALSE
	EndGlobalSection
	GlobalSection(ExtensibilityGlobals) = postSolution
		SolutionGuid = {D00247E8-4FF8-470A-99A5-34790D5C0AD7}
	EndGlobalSection
EndGlobal
